
Microsoft Visual Studio Solution File, Format Version 12.00
# Visual Studio Version 17
VisualStudioVersion = 17.3.32728.150
MinimumVisualStudioVersion = 10.0.40219.1
Project("{FAE04EC0-301F-11D3-BF4B-00C04F79EFBC}") = "WPFAsyncAwait", "WPFAsyncAwait.csproj", "{AE630CEF-30EF-4686-9348-9848A646E467}"
EndProject
Global
	GlobalSection(SolutionConfigurationPlatforms) = preSolution
		Debug|Any CPU = Debug|Any CPU
		Release|Any CPU = Release|Any CPU
	EndGlobalSection
	GlobalSection(ProjectConfigurationPlatforms) = postSolution
		{AE630CEF-30EF-4686-9348-9848A646E467}.Debug|Any CPU.ActiveCfg = Debug|Any CPU
		{AE630CEF-30EF-4686-9348-9848A646E467}.Debug|Any CPU.Build.0 = Debug|Any CPU
		{AE630CEF-30EF-4686-9348-9848A646E467}.Release|Any CPU.ActiveCfg = Release|Any CPU
		{AE630CEF-30EF-4686-9348-9848A646E467}.Release|Any CPU.Build.0 = Release|Any CPU
	EndGlobalSection
	GlobalSection(SolutionProperties) = preSolution
		HideSolutionNode = FALSE
	EndGlobalSection
	GlobalSection(ExtensibilityGlobals) = postSolution
		SolutionGuid = {5E1F658B-513A-403C-9646-F981C12BED79}
	EndGlobalSection
EndGlobal
