
Microsoft Visual Studio Solution File, Format Version 12.00
# Visual Studio Version 17
VisualStudioVersion = 17.3.32728.150
MinimumVisualStudioVersion = 10.0.40219.1
Project("{FAE04EC0-301F-11D3-BF4B-00C04F79EFBC}") = "AwaitTesting", "AwaitTesting.csproj", "{0F7C1D98-EAB1-4494-9E73-4BCF8B4DDB5D}"
EndProject
Global
	GlobalSection(SolutionConfigurationPlatforms) = preSolution
		Debug|Any CPU = Debug|Any CPU
		Release|Any CPU = Release|Any CPU
	EndGlobalSection
	GlobalSection(ProjectConfigurationPlatforms) = postSolution
		{0F7C1D98-EAB1-4494-9E73-4BCF8B4DDB5D}.Debug|Any CPU.ActiveCfg = Debug|Any CPU
		{0F7C1D98-EAB1-4494-9E73-4BCF8B4DDB5D}.Debug|Any CPU.Build.0 = Debug|Any CPU
		{0F7C1D98-EAB1-4494-9E73-4BCF8B4DDB5D}.Release|Any CPU.ActiveCfg = Release|Any CPU
		{0F7C1D98-EAB1-4494-9E73-4BCF8B4DDB5D}.Release|Any CPU.Build.0 = Release|Any CPU
	EndGlobalSection
	GlobalSection(SolutionProperties) = preSolution
		HideSolutionNode = FALSE
	EndGlobalSection
	GlobalSection(ExtensibilityGlobals) = postSolution
		SolutionGuid = {4FAE108D-6488-4F52-BF77-2B58DEAF1058}
	EndGlobalSection
EndGlobal
